PODS:
  - PowerTools (0.3.0):
    - PowerTools/CollectionVM (= 0.3.0)
    - PowerTools/Core (= 0.3.0)
  - PowerTools/CollectionVM (0.3.0):
    - PowerTools/Core
  - PowerTools/Core (0.3.0)
  - SafariLayout (0.1.0)
  - StoriesLayout (0.1.0)

DEPENDENCIES:
  - PowerTools (~> 0.3)
  - SafariLayout (from `../`)
  - StoriesLayout (from `../`)

SPEC REPOS:
  https://github.com/cocoapods/specs.git:
    - PowerTools

EXTERNAL SOURCES:
  SafariLayout:
    :path: "../"
  StoriesLayout:
    :path: "../"

SPEC CHECKSUMS:
  PowerTools: c8c15dae195d431668aef9feb79b684ea764def9
  SafariLayout: 243bc97a21809b13f34e4f1b84f32bd5211593a9
  StoriesLayout: 28d3eccd89bd24122f5215d2ec7ebcc259de9e3c

PODFILE CHECKSUM: d0bf00e63b108958ce7b8b9d96edb753c10b957b

COCOAPODS: 1.7.1
